
Microsoft Visual Studio Solution File, Format Version 12.00
# Visual Studio Version 17
VisualStudioVersion = 17.1.32328.378
MinimumVisualStudioVersion = 10.0.40219.1
Project("{FAE04EC0-301F-11D3-BF4B-00C04F79EFBC}") = "UP_TAP_LicenciasConducir.API", "UP_TAP_LicenciasConducir.API\UP_TAP_LicenciasConducir.API.csproj", "{03307A42-7F8C-4F58-B177-9CBD88DC2892}"
EndProject
Project("{FAE04EC0-301F-11D3-BF4B-00C04F79EFBC}") = "UP_TAP_LicenciasConducir.Core", "UP_TAP_LicenciasConducir.Core\UP_TAP_LicenciasConducir.Core.csproj", "{6F907BF3-C475-4293-87AA-178DB292EC33}"
EndProject
Project("{FAE04EC0-301F-11D3-BF4B-00C04F79EFBC}") = "UP_TAP_LicenciasConducir.Infrastructure", "UP_TAP_LicenciasConducir.Infrastructure\UP_TAP_LicenciasConducir.Infrastructure.csproj", "{55DA5291-58E2-42AF-A86C-6BA3EBD431DE}"
EndProject
Project("{FAE04EC0-301F-11D3-BF4B-00C04F79EFBC}") = "UP_TAP_LicenciasConducir.UnitTest", "UP_TAP_LicenciasConducir.UnitTest\UP_TAP_LicenciasConducir.UnitTest.csproj", "{95B2E1F5-5301-4103-9277-6244A650E3F1}"
EndProject
Global
	GlobalSection(SolutionConfigurationPlatforms) = preSolution
		Debug|Any CPU = Debug|Any CPU
		Release|Any CPU = Release|Any CPU
	EndGlobalSection
	GlobalSection(ProjectConfigurationPlatforms) = postSolution
		{03307A42-7F8C-4F58-B177-9CBD88DC2892}.Debug|Any CPU.ActiveCfg = Debug|Any CPU
		{03307A42-7F8C-4F58-B177-9CBD88DC2892}.Debug|Any CPU.Build.0 = Debug|Any CPU
		{03307A42-7F8C-4F58-B177-9CBD88DC2892}.Release|Any CPU.ActiveCfg = Release|Any CPU
		{03307A42-7F8C-4F58-B177-9CBD88DC2892}.Release|Any CPU.Build.0 = Release|Any CPU
		{6F907BF3-C475-4293-87AA-178DB292EC33}.Debug|Any CPU.ActiveCfg = Debug|Any CPU
		{6F907BF3-C475-4293-87AA-178DB292EC33}.Debug|Any CPU.Build.0 = Debug|Any CPU
		{6F907BF3-C475-4293-87AA-178DB292EC33}.Release|Any CPU.ActiveCfg = Release|Any CPU
		{6F907BF3-C475-4293-87AA-178DB292EC33}.Release|Any CPU.Build.0 = Release|Any CPU
		{55DA5291-58E2-42AF-A86C-6BA3EBD431DE}.Debug|Any CPU.ActiveCfg = Debug|Any CPU
		{55DA5291-58E2-42AF-A86C-6BA3EBD431DE}.Debug|Any CPU.Build.0 = Debug|Any CPU
		{55DA5291-58E2-42AF-A86C-6BA3EBD431DE}.Release|Any CPU.ActiveCfg = Release|Any CPU
		{55DA5291-58E2-42AF-A86C-6BA3EBD431DE}.Release|Any CPU.Build.0 = Release|Any CPU
		{95B2E1F5-5301-4103-9277-6244A650E3F1}.Debug|Any CPU.ActiveCfg = Debug|Any CPU
		{95B2E1F5-5301-4103-9277-6244A650E3F1}.Debug|Any CPU.Build.0 = Debug|Any CPU
		{95B2E1F5-5301-4103-9277-6244A650E3F1}.Release|Any CPU.ActiveCfg = Release|Any CPU
		{95B2E1F5-5301-4103-9277-6244A650E3F1}.Release|Any CPU.Build.0 = Release|Any CPU
	EndGlobalSection
	GlobalSection(SolutionProperties) = preSolution
		HideSolutionNode = FALSE
	EndGlobalSection
	GlobalSection(ExtensibilityGlobals) = postSolution
		SolutionGuid = {6B3513AD-A9F7-4C1A-8865-79CEE131D2BD}
	EndGlobalSection
EndGlobal
